
Microsoft Visual Studio Solution File, Format Version 12.00
# Visual Studio Version 17
VisualStudioVersion = 17.10.34804.81
MinimumVisualStudioVersion = 10.0.40219.1
Project("{FAE04EC0-301F-11D3-BF4B-00C04F79EFBC}") = "DotFireRedis", "DotFireRedis.csproj", "{C1D1EE40-FCB5-4F5C-AFC6-5CD461EBC245}"
EndProject
Global
	GlobalSection(SolutionConfigurationPlatforms) = preSolution
		Debug|Any CPU = Debug|Any CPU
		Release|Any CPU = Release|Any CPU
	EndGlobalSection
	GlobalSection(ProjectConfigurationPlatforms) = postSolution
		{C1D1EE40-FCB5-4F5C-AFC6-5CD461EBC245}.Debug|Any CPU.ActiveCfg = Debug|Any CPU
		{C1D1EE40-FCB5-4F5C-AFC6-5CD461EBC245}.Debug|Any CPU.Build.0 = Debug|Any CPU
		{C1D1EE40-FCB5-4F5C-AFC6-5CD461EBC245}.Release|Any CPU.ActiveCfg = Release|Any CPU
		{C1D1EE40-FCB5-4F5C-AFC6-5CD461EBC245}.Release|Any CPU.Build.0 = Release|Any CPU
	EndGlobalSection
	GlobalSection(SolutionProperties) = preSolution
		HideSolutionNode = FALSE
	EndGlobalSection
	GlobalSection(ExtensibilityGlobals) = postSolution
		SolutionGuid = {87EAB527-3393-4F97-A4DA-4AED06FEA759}
	EndGlobalSection
EndGlobal
